
Microsoft Visual Studio Solution File, Format Version 12.00
# Visual Studio Version 16
VisualStudioVersion = 16.0.31702.278
MinimumVisualStudioVersion = 10.0.40219.1
Project("{888888A0-9F3D-457C-B088-3A5042F75D52}") = "Generator", "Generator\Generator.pyproj", "{70579B2E-28F3-4179-9889-D04E9BF5335A}"
EndProject
Global
	GlobalSection(SolutionConfigurationPlatforms) = preSolution
		Debug|Any CPU = Debug|Any CPU
		Release|Any CPU = Release|Any CPU
	EndGlobalSection
	GlobalSection(ProjectConfigurationPlatforms) = postSolution
		{70579B2E-28F3-4179-9889-D04E9BF5335A}.Debug|Any CPU.ActiveCfg = Debug|Any CPU
		{70579B2E-28F3-4179-9889-D04E9BF5335A}.Release|Any CPU.ActiveCfg = Release|Any CPU
	EndGlobalSection
	GlobalSection(SolutionProperties) = preSolution
		HideSolutionNode = FALSE
	EndGlobalSection
	GlobalSection(ExtensibilityGlobals) = postSolution
		SolutionGuid = {58A046D0-F5B2-4C6E-B945-60EF248F72C4}
	EndGlobalSection
EndGlobal
