
Microsoft Visual Studio Solution File, Format Version 12.00
# Visual Studio Version 16
VisualStudioVersion = 16.0.31702.278
MinimumVisualStudioVersion = 10.0.40219.1
Project("{888888A0-9F3D-457C-B088-3A5042F75D52}") = "task 4", "task 4\task 4.pyproj", "{273DF3E0-9A2F-43B6-9746-DB65D861FD77}"
EndProject
Global
	GlobalSection(SolutionConfigurationPlatforms) = preSolution
		Debug|Any CPU = Debug|Any CPU
		Release|Any CPU = Release|Any CPU
	EndGlobalSection
	GlobalSection(ProjectConfigurationPlatforms) = postSolution
		{273DF3E0-9A2F-43B6-9746-DB65D861FD77}.Debug|Any CPU.ActiveCfg = Debug|Any CPU
		{273DF3E0-9A2F-43B6-9746-DB65D861FD77}.Release|Any CPU.ActiveCfg = Release|Any CPU
	EndGlobalSection
	GlobalSection(SolutionProperties) = preSolution
		HideSolutionNode = FALSE
	EndGlobalSection
	GlobalSection(ExtensibilityGlobals) = postSolution
		SolutionGuid = {B2A4A993-EEE0-48C3-88BB-C1AA5129D0EF}
	EndGlobalSection
EndGlobal
