
Microsoft Visual Studio Solution File, Format Version 12.00
# Visual Studio Version 17
VisualStudioVersion = 17.3.32929.385
MinimumVisualStudioVersion = 10.0.40219.1
Project("{8BC9CEB8-8B4A-11D0-8D11-00A0C91BC942}") = "main", "main\main.vcxproj", "{777F4A5F-7F80-4906-9481-34155D2E4193}"
EndProject
Global
	GlobalSection(SolutionConfigurationPlatforms) = preSolution
		Debug|x64 = Debug|x64
		Debug|x86 = Debug|x86
		Release|x64 = Release|x64
		Release|x86 = Release|x86
	EndGlobalSection
	GlobalSection(ProjectConfigurationPlatforms) = postSolution
		{777F4A5F-7F80-4906-9481-34155D2E4193}.Debug|x64.ActiveCfg = Debug|x64
		{777F4A5F-7F80-4906-9481-34155D2E4193}.Debug|x64.Build.0 = Debug|x64
		{777F4A5F-7F80-4906-9481-34155D2E4193}.Debug|x86.ActiveCfg = Debug|Win32
		{777F4A5F-7F80-4906-9481-34155D2E4193}.Debug|x86.Build.0 = Debug|Win32
		{777F4A5F-7F80-4906-9481-34155D2E4193}.Release|x64.ActiveCfg = Release|x64
		{777F4A5F-7F80-4906-9481-34155D2E4193}.Release|x64.Build.0 = Release|x64
		{777F4A5F-7F80-4906-9481-34155D2E4193}.Release|x86.ActiveCfg = Release|Win32
		{777F4A5F-7F80-4906-9481-34155D2E4193}.Release|x86.Build.0 = Release|Win32
	EndGlobalSection
	GlobalSection(SolutionProperties) = preSolution
		HideSolutionNode = FALSE
	EndGlobalSection
	GlobalSection(ExtensibilityGlobals) = postSolution
		SolutionGuid = {2B54E18F-685C-479B-AF67-9DA07D339119}
	EndGlobalSection
EndGlobal
