
Microsoft Visual Studio Solution File, Format Version 12.00
# Visual Studio Version 16
VisualStudioVersion = 16.0.31702.278
MinimumVisualStudioVersion = 10.0.40219.1
Project("{8BC9CEB8-8B4A-11D0-8D11-00A0C91BC942}") = "task 2", "task 2\task 2.vcxproj", "{DF369031-2A50-4F76-B741-60C9132BC04C}"
EndProject
Global
	GlobalSection(SolutionConfigurationPlatforms) = preSolution
		Debug|x64 = Debug|x64
		Debug|x86 = Debug|x86
		Release|x64 = Release|x64
		Release|x86 = Release|x86
	EndGlobalSection
	GlobalSection(ProjectConfigurationPlatforms) = postSolution
		{DF369031-2A50-4F76-B741-60C9132BC04C}.Debug|x64.ActiveCfg = Debug|x64
		{DF369031-2A50-4F76-B741-60C9132BC04C}.Debug|x64.Build.0 = Debug|x64
		{DF369031-2A50-4F76-B741-60C9132BC04C}.Debug|x86.ActiveCfg = Debug|Win32
		{DF369031-2A50-4F76-B741-60C9132BC04C}.Debug|x86.Build.0 = Debug|Win32
		{DF369031-2A50-4F76-B741-60C9132BC04C}.Release|x64.ActiveCfg = Release|x64
		{DF369031-2A50-4F76-B741-60C9132BC04C}.Release|x64.Build.0 = Release|x64
		{DF369031-2A50-4F76-B741-60C9132BC04C}.Release|x86.ActiveCfg = Release|Win32
		{DF369031-2A50-4F76-B741-60C9132BC04C}.Release|x86.Build.0 = Release|Win32
	EndGlobalSection
	GlobalSection(SolutionProperties) = preSolution
		HideSolutionNode = FALSE
	EndGlobalSection
	GlobalSection(ExtensibilityGlobals) = postSolution
		SolutionGuid = {DF18EA1F-3DE9-4E74-8DF8-BFC7B448B6C3}
	EndGlobalSection
EndGlobal
