
Microsoft Visual Studio Solution File, Format Version 12.00
# Visual Studio Version 16
VisualStudioVersion = 16.0.31702.278
MinimumVisualStudioVersion = 10.0.40219.1
Project("{8BC9CEB8-8B4A-11D0-8D11-00A0C91BC942}") = "task 2", "task 2\task 2.vcxproj", "{A27AE6EF-A85C-41C9-955E-F9D3434138CB}"
EndProject
Global
	GlobalSection(SolutionConfigurationPlatforms) = preSolution
		Debug|x64 = Debug|x64
		Debug|x86 = Debug|x86
		Release|x64 = Release|x64
		Release|x86 = Release|x86
	EndGlobalSection
	GlobalSection(ProjectConfigurationPlatforms) = postSolution
		{A27AE6EF-A85C-41C9-955E-F9D3434138CB}.Debug|x64.ActiveCfg = Debug|x64
		{A27AE6EF-A85C-41C9-955E-F9D3434138CB}.Debug|x64.Build.0 = Debug|x64
		{A27AE6EF-A85C-41C9-955E-F9D3434138CB}.Debug|x86.ActiveCfg = Debug|Win32
		{A27AE6EF-A85C-41C9-955E-F9D3434138CB}.Debug|x86.Build.0 = Debug|Win32
		{A27AE6EF-A85C-41C9-955E-F9D3434138CB}.Release|x64.ActiveCfg = Release|x64
		{A27AE6EF-A85C-41C9-955E-F9D3434138CB}.Release|x64.Build.0 = Release|x64
		{A27AE6EF-A85C-41C9-955E-F9D3434138CB}.Release|x86.ActiveCfg = Release|Win32
		{A27AE6EF-A85C-41C9-955E-F9D3434138CB}.Release|x86.Build.0 = Release|Win32
	EndGlobalSection
	GlobalSection(SolutionProperties) = preSolution
		HideSolutionNode = FALSE
	EndGlobalSection
	GlobalSection(ExtensibilityGlobals) = postSolution
		SolutionGuid = {4B5E86F0-1A35-466D-8DD6-5B3A4F8ED536}
	EndGlobalSection
EndGlobal
