
Microsoft Visual Studio Solution File, Format Version 12.00
# Visual Studio Version 16
VisualStudioVersion = 16.0.31702.278
MinimumVisualStudioVersion = 10.0.40219.1
Project("{8BC9CEB8-8B4A-11D0-8D11-00A0C91BC942}") = "lab 1 task 2", "lab 1 task 2\lab 1 task 2.vcxproj", "{CB8DE936-F751-4A0E-BD39-BF8B75F3ABEE}"
EndProject
Global
	GlobalSection(SolutionConfigurationPlatforms) = preSolution
		Debug|x64 = Debug|x64
		Debug|x86 = Debug|x86
		Release|x64 = Release|x64
		Release|x86 = Release|x86
	EndGlobalSection
	GlobalSection(ProjectConfigurationPlatforms) = postSolution
		{CB8DE936-F751-4A0E-BD39-BF8B75F3ABEE}.Debug|x64.ActiveCfg = Debug|x64
		{CB8DE936-F751-4A0E-BD39-BF8B75F3ABEE}.Debug|x64.Build.0 = Debug|x64
		{CB8DE936-F751-4A0E-BD39-BF8B75F3ABEE}.Debug|x86.ActiveCfg = Debug|Win32
		{CB8DE936-F751-4A0E-BD39-BF8B75F3ABEE}.Debug|x86.Build.0 = Debug|Win32
		{CB8DE936-F751-4A0E-BD39-BF8B75F3ABEE}.Release|x64.ActiveCfg = Release|x64
		{CB8DE936-F751-4A0E-BD39-BF8B75F3ABEE}.Release|x64.Build.0 = Release|x64
		{CB8DE936-F751-4A0E-BD39-BF8B75F3ABEE}.Release|x86.ActiveCfg = Release|Win32
		{CB8DE936-F751-4A0E-BD39-BF8B75F3ABEE}.Release|x86.Build.0 = Release|Win32
	EndGlobalSection
	GlobalSection(SolutionProperties) = preSolution
		HideSolutionNode = FALSE
	EndGlobalSection
	GlobalSection(ExtensibilityGlobals) = postSolution
		SolutionGuid = {583D40E1-F5BC-45BB-9209-3FEFA265156F}
	EndGlobalSection
EndGlobal
